
Microsoft Visual Studio Solution File, Format Version 12.00
# Visual Studio Version 17
VisualStudioVersion = 17.5.002.0
MinimumVisualStudioVersion = 10.0.40219.1
Project("{9A19103F-16F7-4668-BE54-9A1E7A4F7556}") = "hass_mpris", "hass_mpris.csproj", "{E2402296-1580-4DDF-A9DD-1B2EBFD51EBC}"
EndProject
Global
	GlobalSection(SolutionConfigurationPlatforms) = preSolution
		Debug|Any CPU = Debug|Any CPU
		Release|Any CPU = Release|Any CPU
	EndGlobalSection
	GlobalSection(ProjectConfigurationPlatforms) = postSolution
		{E2402296-1580-4DDF-A9DD-1B2EBFD51EBC}.Debug|Any CPU.ActiveCfg = Debug|Any CPU
		{E2402296-1580-4DDF-A9DD-1B2EBFD51EBC}.Debug|Any CPU.Build.0 = Debug|Any CPU
		{E2402296-1580-4DDF-A9DD-1B2EBFD51EBC}.Release|Any CPU.ActiveCfg = Release|Any CPU
		{E2402296-1580-4DDF-A9DD-1B2EBFD51EBC}.Release|Any CPU.Build.0 = Release|Any CPU
	EndGlobalSection
	GlobalSection(SolutionProperties) = preSolution
		HideSolutionNode = FALSE
	EndGlobalSection
	GlobalSection(ExtensibilityGlobals) = postSolution
		SolutionGuid = {C197FE9E-0ACF-46D6-86C7-1A3704FF845F}
	EndGlobalSection
EndGlobal
